
Microsoft Visual Studio Solution File, Format Version 12.00
# Visual Studio Version 16
VisualStudioVersion = 16.0.32228.343
MinimumVisualStudioVersion = 10.0.40219.1
Project("{FAE04EC0-301F-11D3-BF4B-00C04F79EFBC}") = "AL_Training001", "AL_Training001\AL_Training001.csproj", "{98A650F9-D295-46C0-8E38-A7DC16F15551}"
EndProject
Project("{FAE04EC0-301F-11D3-BF4B-00C04F79EFBC}") = "AL_Test", "AL_Test\AL_Test.csproj", "{EABC1F29-0266-4070-98EE-24C2DCEAF386}"
EndProject
Global
	GlobalSection(SolutionConfigurationPlatforms) = preSolution
		Debug|Any CPU = Debug|Any CPU
		Release|Any CPU = Release|Any CPU
	EndGlobalSection
	GlobalSection(ProjectConfigurationPlatforms) = postSolution
		{98A650F9-D295-46C0-8E38-A7DC16F15551}.Debug|Any CPU.ActiveCfg = Debug|Any CPU
		{98A650F9-D295-46C0-8E38-A7DC16F15551}.Debug|Any CPU.Build.0 = Debug|Any CPU
		{98A650F9-D295-46C0-8E38-A7DC16F15551}.Release|Any CPU.ActiveCfg = Release|Any CPU
		{98A650F9-D295-46C0-8E38-A7DC16F15551}.Release|Any CPU.Build.0 = Release|Any CPU
		{EABC1F29-0266-4070-98EE-24C2DCEAF386}.Debug|Any CPU.ActiveCfg = Debug|Any CPU
		{EABC1F29-0266-4070-98EE-24C2DCEAF386}.Debug|Any CPU.Build.0 = Debug|Any CPU
		{EABC1F29-0266-4070-98EE-24C2DCEAF386}.Release|Any CPU.ActiveCfg = Release|Any CPU
		{EABC1F29-0266-4070-98EE-24C2DCEAF386}.Release|Any CPU.Build.0 = Release|Any CPU
	EndGlobalSection
	GlobalSection(SolutionProperties) = preSolution
		HideSolutionNode = FALSE
	EndGlobalSection
	GlobalSection(ExtensibilityGlobals) = postSolution
		SolutionGuid = {8801309C-9497-400A-999A-EBAFA444F869}
	EndGlobalSection
EndGlobal
