
Microsoft Visual Studio Solution File, Format Version 12.00
# Visual Studio Version 16
VisualStudioVersion = 16.0.32228.343
MinimumVisualStudioVersion = 10.0.40219.1
Project("{FAE04EC0-301F-11D3-BF4B-00C04F79EFBC}") = "AL_Training004", "AL_Training004\AL_Training004.csproj", "{BB3EBC2D-BB6F-42A3-852B-51F22EBD7743}"
EndProject
Project("{FAE04EC0-301F-11D3-BF4B-00C04F79EFBC}") = "AL_Test", "AL_Test\AL_Test.csproj", "{5BC58DA3-E02F-4980-B1DE-AA62DCAE4B2E}"
EndProject
Global
	GlobalSection(SolutionConfigurationPlatforms) = preSolution
		Debug|Any CPU = Debug|Any CPU
		Release|Any CPU = Release|Any CPU
	EndGlobalSection
	GlobalSection(ProjectConfigurationPlatforms) = postSolution
		{BB3EBC2D-BB6F-42A3-852B-51F22EBD7743}.Debug|Any CPU.ActiveCfg = Debug|Any CPU
		{BB3EBC2D-BB6F-42A3-852B-51F22EBD7743}.Debug|Any CPU.Build.0 = Debug|Any CPU
		{BB3EBC2D-BB6F-42A3-852B-51F22EBD7743}.Release|Any CPU.ActiveCfg = Release|Any CPU
		{BB3EBC2D-BB6F-42A3-852B-51F22EBD7743}.Release|Any CPU.Build.0 = Release|Any CPU
		{5BC58DA3-E02F-4980-B1DE-AA62DCAE4B2E}.Debug|Any CPU.ActiveCfg = Debug|Any CPU
		{5BC58DA3-E02F-4980-B1DE-AA62DCAE4B2E}.Debug|Any CPU.Build.0 = Debug|Any CPU
		{5BC58DA3-E02F-4980-B1DE-AA62DCAE4B2E}.Release|Any CPU.ActiveCfg = Release|Any CPU
		{5BC58DA3-E02F-4980-B1DE-AA62DCAE4B2E}.Release|Any CPU.Build.0 = Release|Any CPU
	EndGlobalSection
	GlobalSection(SolutionProperties) = preSolution
		HideSolutionNode = FALSE
	EndGlobalSection
	GlobalSection(ExtensibilityGlobals) = postSolution
		SolutionGuid = {F916AA2E-7100-451B-B62B-3A43E1EBB7FA}
	EndGlobalSection
EndGlobal
